
Microsoft Visual Studio Solution File, Format Version 12.00
# Visual Studio Version 17
VisualStudioVersion = 17.10.35013.160
MinimumVisualStudioVersion = 10.0.40219.1
Project("{FAE04EC0-301F-11D3-BF4B-00C04F79EFBC}") = "jobscrapper", "jobscrapper\jobscrapper.csproj", "{C6ACFE2E-B94C-46D3-AE1F-50CC6C46892B}"
EndProject
Global
	GlobalSection(SolutionConfigurationPlatforms) = preSolution
		Debug|Any CPU = Debug|Any CPU
		Release|Any CPU = Release|Any CPU
	EndGlobalSection
	GlobalSection(ProjectConfigurationPlatforms) = postSolution
		{C6ACFE2E-B94C-46D3-AE1F-50CC6C46892B}.Debug|Any CPU.ActiveCfg = Debug|Any CPU
		{C6ACFE2E-B94C-46D3-AE1F-50CC6C46892B}.Debug|Any CPU.Build.0 = Debug|Any CPU
		{C6ACFE2E-B94C-46D3-AE1F-50CC6C46892B}.Release|Any CPU.ActiveCfg = Release|Any CPU
		{C6ACFE2E-B94C-46D3-AE1F-50CC6C46892B}.Release|Any CPU.Build.0 = Release|Any CPU
	EndGlobalSection
	GlobalSection(SolutionProperties) = preSolution
		HideSolutionNode = FALSE
	EndGlobalSection
	GlobalSection(ExtensibilityGlobals) = postSolution
		SolutionGuid = {F9C09DD1-9963-40BF-9505-E2ADC08CEC53}
	EndGlobalSection
EndGlobal
